
Microsoft Visual Studio Solution File, Format Version 12.00
# Visual Studio Version 16
VisualStudioVersion = 16.0.30002.166
MinimumVisualStudioVersion = 10.0.40219.1
Project("{FAE04EC0-301F-11D3-BF4B-00C04F79EFBC}") = "Soccer.Common", "Soccer.Common\Soccer.Common.csproj", "{C5E70405-428C-45BD-B712-4E3EF5DCF2A8}"
EndProject
Project("{FAE04EC0-301F-11D3-BF4B-00C04F79EFBC}") = "Soccer.Prism", "Soccer.Prism\Soccer.Prism\Soccer.Prism.csproj", "{22C7E9F8-E15C-4E6C-BC04-6AC4F3787CFE}"
EndProject
Project("{FAE04EC0-301F-11D3-BF4B-00C04F79EFBC}") = "Soccer.Prism.Android", "Soccer.Prism\Soccer.Prism.Android\Soccer.Prism.Android.csproj", "{0D0FF47A-8EFB-4E30-8B9B-B7E1BE5339E7}"
EndProject
Project("{FAE04EC0-301F-11D3-BF4B-00C04F79EFBC}") = "Soccer.Prism.iOS", "Soccer.Prism\Soccer.Prism.iOS\Soccer.Prism.iOS.csproj", "{19ACA493-E5A4-4ABA-8CA4-5CB00CE5DEF3}"
EndProject
Project("{FAE04EC0-301F-11D3-BF4B-00C04F79EFBC}") = "Soccer.Cross.Android", "Soccer.Cross.Android\Soccer.Cross.Android.csproj", "{965FDF79-09D5-4EE7-9407-9AE923F4467D}"
EndProject
Project("{FAE04EC0-301F-11D3-BF4B-00C04F79EFBC}") = "Soccer.Cross.iOS", "Soccer.Cross.iOS\Soccer.Cross.iOS.csproj", "{85B7B435-6EE5-4F3B-A37F-10AC107B74F3}"
EndProject
Project("{FAE04EC0-301F-11D3-BF4B-00C04F79EFBC}") = "Soccer.Web", "Soccer.Web\Soccer.Web.csproj", "{B7F2F782-7974-492A-825B-D33F4EFB8BB7}"
EndProject
Global
	GlobalSection(SolutionConfigurationPlatforms) = preSolution
		Ad-Hoc|Any CPU = Ad-Hoc|Any CPU
		Ad-Hoc|iPhone = Ad-Hoc|iPhone
		Ad-Hoc|iPhoneSimulator = Ad-Hoc|iPhoneSimulator
		AppStore|Any CPU = AppStore|Any CPU
		AppStore|iPhone = AppStore|iPhone
		AppStore|iPhoneSimulator = AppStore|iPhoneSimulator
		Debug|Any CPU = Debug|Any CPU
		Debug|iPhone = Debug|iPhone
		Debug|iPhoneSimulator = Debug|iPhoneSimulator
		Release|Any CPU = Release|Any CPU
		Release|iPhone = Release|iPhone
		Release|iPhoneSimulator = Release|iPhoneSimulator
	EndGlobalSection
	GlobalSection(ProjectConfigurationPlatforms) = postSolution
		{C5E70405-428C-45BD-B712-4E3EF5DCF2A8}.Ad-Hoc|Any CPU.ActiveCfg = Debug|Any CPU
		{C5E70405-428C-45BD-B712-4E3EF5DCF2A8}.Ad-Hoc|Any CPU.Build.0 = Debug|Any CPU
		{C5E70405-428C-45BD-B712-4E3EF5DCF2A8}.Ad-Hoc|iPhone.ActiveCfg = Debug|Any CPU
		{C5E70405-428C-45BD-B712-4E3EF5DCF2A8}.Ad-Hoc|iPhone.Build.0 = Debug|Any CPU
		{C5E70405-428C-45BD-B712-4E3EF5DCF2A8}.Ad-Hoc|iPhoneSimulator.ActiveCfg = Debug|Any CPU
		{C5E70405-428C-45BD-B712-4E3EF5DCF2A8}.Ad-Hoc|iPhoneSimulator.Build.0 = Debug|Any CPU
		{C5E70405-428C-45BD-B712-4E3EF5DCF2A8}.AppStore|Any CPU.ActiveCfg = Debug|Any CPU
		{C5E70405-428C-45BD-B712-4E3EF5DCF2A8}.AppStore|Any CPU.Build.0 = Debug|Any CPU
		{C5E70405-428C-45BD-B712-4E3EF5DCF2A8}.AppStore|iPhone.ActiveCfg = Debug|Any CPU
		{C5E70405-428C-45BD-B712-4E3EF5DCF2A8}.AppStore|iPhone.Build.0 = Debug|Any CPU
		{C5E70405-428C-45BD-B712-4E3EF5DCF2A8}.AppStore|iPhoneSimulator.ActiveCfg = Debug|Any CPU
		{C5E70405-428C-45BD-B712-4E3EF5DCF2A8}.AppStore|iPhoneSimulator.Build.0 = Debug|Any CPU
		{C5E70405-428C-45BD-B712-4E3EF5DCF2A8}.Debug|Any CPU.ActiveCfg = Debug|Any CPU
		{C5E70405-428C-45BD-B712-4E3EF5DCF2A8}.Debug|Any CPU.Build.0 = Debug|Any CPU
		{C5E70405-428C-45BD-B712-4E3EF5DCF2A8}.Debug|iPhone.ActiveCfg = Debug|Any CPU
		{C5E70405-428C-45BD-B712-4E3EF5DCF2A8}.Debug|iPhone.Build.0 = Debug|Any CPU
		{C5E70405-428C-45BD-B712-4E3EF5DCF2A8}.Debug|iPhoneSimulator.ActiveCfg = Debug|Any CPU
		{C5E70405-428C-45BD-B712-4E3EF5DCF2A8}.Debug|iPhoneSimulator.Build.0 = Debug|Any CPU
		{C5E70405-428C-45BD-B712-4E3EF5DCF2A8}.Release|Any CPU.ActiveCfg = Release|Any CPU
		{C5E70405-428C-45BD-B712-4E3EF5DCF2A8}.Release|Any CPU.Build.0 = Release|Any CPU
		{C5E70405-428C-45BD-B712-4E3EF5DCF2A8}.Release|iPhone.ActiveCfg = Release|Any CPU
		{C5E70405-428C-45BD-B712-4E3EF5DCF2A8}.Release|iPhone.Build.0 = Release|Any CPU
		{C5E70405-428C-45BD-B712-4E3EF5DCF2A8}.Release|iPhoneSimulator.ActiveCfg = Release|Any CPU
		{C5E70405-428C-45BD-B712-4E3EF5DCF2A8}.Release|iPhoneSimulator.Build.0 = Release|Any CPU
		{22C7E9F8-E15C-4E6C-BC04-6AC4F3787CFE}.Ad-Hoc|Any CPU.ActiveCfg = Debug|Any CPU
		{22C7E9F8-E15C-4E6C-BC04-6AC4F3787CFE}.Ad-Hoc|Any CPU.Build.0 = Debug|Any CPU
		{22C7E9F8-E15C-4E6C-BC04-6AC4F3787CFE}.Ad-Hoc|iPhone.ActiveCfg = Debug|Any CPU
		{22C7E9F8-E15C-4E6C-BC04-6AC4F3787CFE}.Ad-Hoc|iPhone.Build.0 = Debug|Any CPU
		{22C7E9F8-E15C-4E6C-BC04-6AC4F3787CFE}.Ad-Hoc|iPhoneSimulator.ActiveCfg = Debug|Any CPU
		{22C7E9F8-E15C-4E6C-BC04-6AC4F3787CFE}.Ad-Hoc|iPhoneSimulator.Build.0 = Debug|Any CPU
		{22C7E9F8-E15C-4E6C-BC04-6AC4F3787CFE}.AppStore|Any CPU.ActiveCfg = Debug|Any CPU
		{22C7E9F8-E15C-4E6C-BC04-6AC4F3787CFE}.AppStore|Any CPU.Build.0 = Debug|Any CPU
		{22C7E9F8-E15C-4E6C-BC04-6AC4F3787CFE}.AppStore|iPhone.ActiveCfg = Debug|Any CPU
		{22C7E9F8-E15C-4E6C-BC04-6AC4F3787CFE}.AppStore|iPhone.Build.0 = Debug|Any CPU
		{22C7E9F8-E15C-4E6C-BC04-6AC4F3787CFE}.AppStore|iPhoneSimulator.ActiveCfg = Debug|Any CPU
		{22C7E9F8-E15C-4E6C-BC04-6AC4F3787CFE}.AppStore|iPhoneSimulator.Build.0 = Debug|Any CPU
		{22C7E9F8-E15C-4E6C-BC04-6AC4F3787CFE}.Debug|Any CPU.ActiveCfg = Debug|Any CPU
		{22C7E9F8-E15C-4E6C-BC04-6AC4F3787CFE}.Debug|Any CPU.Build.0 = Debug|Any CPU
		{22C7E9F8-E15C-4E6C-BC04-6AC4F3787CFE}.Debug|iPhone.ActiveCfg = Debug|Any CPU
		{22C7E9F8-E15C-4E6C-BC04-6AC4F3787CFE}.Debug|iPhone.Build.0 = Debug|Any CPU
		{22C7E9F8-E15C-4E6C-BC04-6AC4F3787CFE}.Debug|iPhoneSimulator.ActiveCfg = Debug|Any CPU
		{22C7E9F8-E15C-4E6C-BC04-6AC4F3787CFE}.Debug|iPhoneSimulator.Build.0 = Debug|Any CPU
		{22C7E9F8-E15C-4E6C-BC04-6AC4F3787CFE}.Release|Any CPU.ActiveCfg = Release|Any CPU
		{22C7E9F8-E15C-4E6C-BC04-6AC4F3787CFE}.Release|Any CPU.Build.0 = Release|Any CPU
		{22C7E9F8-E15C-4E6C-BC04-6AC4F3787CFE}.Release|iPhone.ActiveCfg = Release|Any CPU
		{22C7E9F8-E15C-4E6C-BC04-6AC4F3787CFE}.Release|iPhone.Build.0 = Release|Any CPU
		{22C7E9F8-E15C-4E6C-BC04-6AC4F3787CFE}.Release|iPhoneSimulator.ActiveCfg = Release|Any CPU
		{22C7E9F8-E15C-4E6C-BC04-6AC4F3787CFE}.Release|iPhoneSimulator.Build.0 = Release|Any CPU
		{0D0FF47A-8EFB-4E30-8B9B-B7E1BE5339E7}.Ad-Hoc|Any CPU.ActiveCfg = Release|Any CPU
		{0D0FF47A-8EFB-4E30-8B9B-B7E1BE5339E7}.Ad-Hoc|Any CPU.Build.0 = Release|Any CPU
		{0D0FF47A-8EFB-4E30-8B9B-B7E1BE5339E7}.Ad-Hoc|Any CPU.Deploy.0 = Release|Any CPU
		{0D0FF47A-8EFB-4E30-8B9B-B7E1BE5339E7}.Ad-Hoc|iPhone.ActiveCfg = Release|Any CPU
		{0D0FF47A-8EFB-4E30-8B9B-B7E1BE5339E7}.Ad-Hoc|iPhone.Build.0 = Release|Any CPU
		{0D0FF47A-8EFB-4E30-8B9B-B7E1BE5339E7}.Ad-Hoc|iPhone.Deploy.0 = Release|Any CPU
		{0D0FF47A-8EFB-4E30-8B9B-B7E1BE5339E7}.Ad-Hoc|iPhoneSimulator.ActiveCfg = Release|Any CPU
		{0D0FF47A-8EFB-4E30-8B9B-B7E1BE5339E7}.Ad-Hoc|iPhoneSimulator.Build.0 = Release|Any CPU
		{0D0FF47A-8EFB-4E30-8B9B-B7E1BE5339E7}.Ad-Hoc|iPhoneSimulator.Deploy.0 = Release|Any CPU
		{0D0FF47A-8EFB-4E30-8B9B-B7E1BE5339E7}.AppStore|Any CPU.ActiveCfg = Release|Any CPU
		{0D0FF47A-8EFB-4E30-8B9B-B7E1BE5339E7}.AppStore|Any CPU.Build.0 = Release|Any CPU
		{0D0FF47A-8EFB-4E30-8B9B-B7E1BE5339E7}.AppStore|Any CPU.Deploy.0 = Release|Any CPU
		{0D0FF47A-8EFB-4E30-8B9B-B7E1BE5339E7}.AppStore|iPhone.ActiveCfg = Release|Any CPU
		{0D0FF47A-8EFB-4E30-8B9B-B7E1BE5339E7}.AppStore|iPhone.Build.0 = Release|Any CPU
		{0D0FF47A-8EFB-4E30-8B9B-B7E1BE5339E7}.AppStore|iPhone.Deploy.0 = Release|Any CPU
		{0D0FF47A-8EFB-4E30-8B9B-B7E1BE5339E7}.AppStore|iPhoneSimulator.ActiveCfg = Release|Any CPU
		{0D0FF47A-8EFB-4E30-8B9B-B7E1BE5339E7}.AppStore|iPhoneSimulator.Build.0 = Release|Any CPU
		{0D0FF47A-8EFB-4E30-8B9B-B7E1BE5339E7}.AppStore|iPhoneSimulator.Deploy.0 = Release|Any CPU
		{0D0FF47A-8EFB-4E30-8B9B-B7E1BE5339E7}.Debug|Any CPU.ActiveCfg = Debug|Any CPU
		{0D0FF47A-8EFB-4E30-8B9B-B7E1BE5339E7}.Debug|Any CPU.Build.0 = Debug|Any CPU
		{0D0FF47A-8EFB-4E30-8B9B-B7E1BE5339E7}.Debug|Any CPU.Deploy.0 = Debug|Any CPU
		{0D0FF47A-8EFB-4E30-8B9B-B7E1BE5339E7}.Debug|iPhone.ActiveCfg = Debug|Any CPU
		{0D0FF47A-8EFB-4E30-8B9B-B7E1BE5339E7}.Debug|iPhone.Build.0 = Debug|Any CPU
		{0D0FF47A-8EFB-4E30-8B9B-B7E1BE5339E7}.Debug|iPhone.Deploy.0 = Debug|Any CPU
		{0D0FF47A-8EFB-4E30-8B9B-B7E1BE5339E7}.Debug|iPhoneSimulator.ActiveCfg = Debug|Any CPU
		{0D0FF47A-8EFB-4E30-8B9B-B7E1BE5339E7}.Debug|iPhoneSimulator.Build.0 = Debug|Any CPU
		{0D0FF47A-8EFB-4E30-8B9B-B7E1BE5339E7}.Debug|iPhoneSimulator.Deploy.0 = Debug|Any CPU
		{0D0FF47A-8EFB-4E30-8B9B-B7E1BE5339E7}.Release|Any CPU.ActiveCfg = Release|Any CPU
		{0D0FF47A-8EFB-4E30-8B9B-B7E1BE5339E7}.Release|Any CPU.Build.0 = Release|Any CPU
		{0D0FF47A-8EFB-4E30-8B9B-B7E1BE5339E7}.Release|Any CPU.Deploy.0 = Release|Any CPU
		{0D0FF47A-8EFB-4E30-8B9B-B7E1BE5339E7}.Release|iPhone.ActiveCfg = Release|Any CPU
		{0D0FF47A-8EFB-4E30-8B9B-B7E1BE5339E7}.Release|iPhone.Build.0 = Release|Any CPU
		{0D0FF47A-8EFB-4E30-8B9B-B7E1BE5339E7}.Release|iPhone.Deploy.0 = Release|Any CPU
		{0D0FF47A-8EFB-4E30-8B9B-B7E1BE5339E7}.Release|iPhoneSimulator.ActiveCfg = Release|Any CPU
		{0D0FF47A-8EFB-4E30-8B9B-B7E1BE5339E7}.Release|iPhoneSimulator.Build.0 = Release|Any CPU
		{0D0FF47A-8EFB-4E30-8B9B-B7E1BE5339E7}.Release|iPhoneSimulator.Deploy.0 = Release|Any CPU
		{19ACA493-E5A4-4ABA-8CA4-5CB00CE5DEF3}.Ad-Hoc|Any CPU.ActiveCfg = Ad-Hoc|iPhone
		{19ACA493-E5A4-4ABA-8CA4-5CB00CE5DEF3}.Ad-Hoc|iPhone.ActiveCfg = Ad-Hoc|iPhone
		{19ACA493-E5A4-4ABA-8CA4-5CB00CE5DEF3}.Ad-Hoc|iPhone.Build.0 = Ad-Hoc|iPhone
		{19ACA493-E5A4-4ABA-8CA4-5CB00CE5DEF3}.Ad-Hoc|iPhoneSimulator.ActiveCfg = Ad-Hoc|iPhoneSimulator
		{19ACA493-E5A4-4ABA-8CA4-5CB00CE5DEF3}.Ad-Hoc|iPhoneSimulator.Build.0 = Ad-Hoc|iPhoneSimulator
		{19ACA493-E5A4-4ABA-8CA4-5CB00CE5DEF3}.AppStore|Any CPU.ActiveCfg = AppStore|iPhone
		{19ACA493-E5A4-4ABA-8CA4-5CB00CE5DEF3}.AppStore|iPhone.ActiveCfg = AppStore|iPhone
		{19ACA493-E5A4-4ABA-8CA4-5CB00CE5DEF3}.AppStore|iPhone.Build.0 = AppStore|iPhone
		{19ACA493-E5A4-4ABA-8CA4-5CB00CE5DEF3}.AppStore|iPhoneSimulator.ActiveCfg = AppStore|iPhoneSimulator
		{19ACA493-E5A4-4ABA-8CA4-5CB00CE5DEF3}.AppStore|iPhoneSimulator.Build.0 = AppStore|iPhoneSimulator
		{19ACA493-E5A4-4ABA-8CA4-5CB00CE5DEF3}.Debug|Any CPU.ActiveCfg = Debug|iPhone
		{19ACA493-E5A4-4ABA-8CA4-5CB00CE5DEF3}.Debug|iPhone.ActiveCfg = Debug|iPhone
		{19ACA493-E5A4-4ABA-8CA4-5CB00CE5DEF3}.Debug|iPhone.Build.0 = Debug|iPhone
		{19ACA493-E5A4-4ABA-8CA4-5CB00CE5DEF3}.Debug|iPhoneSimulator.ActiveCfg = Debug|iPhoneSimulator
		{19ACA493-E5A4-4ABA-8CA4-5CB00CE5DEF3}.Debug|iPhoneSimulator.Build.0 = Debug|iPhoneSimulator
		{19ACA493-E5A4-4ABA-8CA4-5CB00CE5DEF3}.Release|Any CPU.ActiveCfg = Release|iPhone
		{19ACA493-E5A4-4ABA-8CA4-5CB00CE5DEF3}.Release|iPhone.ActiveCfg = Release|iPhone
		{19ACA493-E5A4-4ABA-8CA4-5CB00CE5DEF3}.Release|iPhone.Build.0 = Release|iPhone
		{19ACA493-E5A4-4ABA-8CA4-5CB00CE5DEF3}.Release|iPhoneSimulator.ActiveCfg = Release|iPhoneSimulator
		{19ACA493-E5A4-4ABA-8CA4-5CB00CE5DEF3}.Release|iPhoneSimulator.Build.0 = Release|iPhoneSimulator
		{965FDF79-09D5-4EE7-9407-9AE923F4467D}.Ad-Hoc|Any CPU.ActiveCfg = Release|Any CPU
		{965FDF79-09D5-4EE7-9407-9AE923F4467D}.Ad-Hoc|Any CPU.Build.0 = Release|Any CPU
		{965FDF79-09D5-4EE7-9407-9AE923F4467D}.Ad-Hoc|Any CPU.Deploy.0 = Release|Any CPU
		{965FDF79-09D5-4EE7-9407-9AE923F4467D}.Ad-Hoc|iPhone.ActiveCfg = Release|Any CPU
		{965FDF79-09D5-4EE7-9407-9AE923F4467D}.Ad-Hoc|iPhone.Build.0 = Release|Any CPU
		{965FDF79-09D5-4EE7-9407-9AE923F4467D}.Ad-Hoc|iPhone.Deploy.0 = Release|Any CPU
		{965FDF79-09D5-4EE7-9407-9AE923F4467D}.Ad-Hoc|iPhoneSimulator.ActiveCfg = Release|Any CPU
		{965FDF79-09D5-4EE7-9407-9AE923F4467D}.Ad-Hoc|iPhoneSimulator.Build.0 = Release|Any CPU
		{965FDF79-09D5-4EE7-9407-9AE923F4467D}.Ad-Hoc|iPhoneSimulator.Deploy.0 = Release|Any CPU
		{965FDF79-09D5-4EE7-9407-9AE923F4467D}.AppStore|Any CPU.ActiveCfg = Release|Any CPU
		{965FDF79-09D5-4EE7-9407-9AE923F4467D}.AppStore|Any CPU.Build.0 = Release|Any CPU
		{965FDF79-09D5-4EE7-9407-9AE923F4467D}.AppStore|Any CPU.Deploy.0 = Release|Any CPU
		{965FDF79-09D5-4EE7-9407-9AE923F4467D}.AppStore|iPhone.ActiveCfg = Release|Any CPU
		{965FDF79-09D5-4EE7-9407-9AE923F4467D}.AppStore|iPhone.Build.0 = Release|Any CPU
		{965FDF79-09D5-4EE7-9407-9AE923F4467D}.AppStore|iPhone.Deploy.0 = Release|Any CPU
		{965FDF79-09D5-4EE7-9407-9AE923F4467D}.AppStore|iPhoneSimulator.ActiveCfg = Release|Any CPU
		{965FDF79-09D5-4EE7-9407-9AE923F4467D}.AppStore|iPhoneSimulator.Build.0 = Release|Any CPU
		{965FDF79-09D5-4EE7-9407-9AE923F4467D}.AppStore|iPhoneSimulator.Deploy.0 = Release|Any CPU
		{965FDF79-09D5-4EE7-9407-9AE923F4467D}.Debug|Any CPU.ActiveCfg = Debug|Any CPU
		{965FDF79-09D5-4EE7-9407-9AE923F4467D}.Debug|Any CPU.Build.0 = Debug|Any CPU
		{965FDF79-09D5-4EE7-9407-9AE923F4467D}.Debug|Any CPU.Deploy.0 = Debug|Any CPU
		{965FDF79-09D5-4EE7-9407-9AE923F4467D}.Debug|iPhone.ActiveCfg = Debug|Any CPU
		{965FDF79-09D5-4EE7-9407-9AE923F4467D}.Debug|iPhone.Build.0 = Debug|Any CPU
		{965FDF79-09D5-4EE7-9407-9AE923F4467D}.Debug|iPhone.Deploy.0 = Debug|Any CPU
		{965FDF79-09D5-4EE7-9407-9AE923F4467D}.Debug|iPhoneSimulator.ActiveCfg = Debug|Any CPU
		{965FDF79-09D5-4EE7-9407-9AE923F4467D}.Debug|iPhoneSimulator.Build.0 = Debug|Any CPU
		{965FDF79-09D5-4EE7-9407-9AE923F4467D}.Debug|iPhoneSimulator.Deploy.0 = Debug|Any CPU
		{965FDF79-09D5-4EE7-9407-9AE923F4467D}.Release|Any CPU.ActiveCfg = Release|Any CPU
		{965FDF79-09D5-4EE7-9407-9AE923F4467D}.Release|Any CPU.Build.0 = Release|Any CPU
		{965FDF79-09D5-4EE7-9407-9AE923F4467D}.Release|Any CPU.Deploy.0 = Release|Any CPU
		{965FDF79-09D5-4EE7-9407-9AE923F4467D}.Release|iPhone.ActiveCfg = Release|Any CPU
		{965FDF79-09D5-4EE7-9407-9AE923F4467D}.Release|iPhone.Build.0 = Release|Any CPU
		{965FDF79-09D5-4EE7-9407-9AE923F4467D}.Release|iPhone.Deploy.0 = Release|Any CPU
		{965FDF79-09D5-4EE7-9407-9AE923F4467D}.Release|iPhoneSimulator.ActiveCfg = Release|Any CPU
		{965FDF79-09D5-4EE7-9407-9AE923F4467D}.Release|iPhoneSimulator.Build.0 = Release|Any CPU
		{965FDF79-09D5-4EE7-9407-9AE923F4467D}.Release|iPhoneSimulator.Deploy.0 = Release|Any CPU
		{85B7B435-6EE5-4F3B-A37F-10AC107B74F3}.Ad-Hoc|Any CPU.ActiveCfg = Release|iPhone
		{85B7B435-6EE5-4F3B-A37F-10AC107B74F3}.Ad-Hoc|Any CPU.Build.0 = Release|iPhone
		{85B7B435-6EE5-4F3B-A37F-10AC107B74F3}.Ad-Hoc|iPhone.ActiveCfg = Release|iPhone
		{85B7B435-6EE5-4F3B-A37F-10AC107B74F3}.Ad-Hoc|iPhone.Build.0 = Release|iPhone
		{85B7B435-6EE5-4F3B-A37F-10AC107B74F3}.Ad-Hoc|iPhoneSimulator.ActiveCfg = Release|iPhoneSimulator
		{85B7B435-6EE5-4F3B-A37F-10AC107B74F3}.Ad-Hoc|iPhoneSimulator.Build.0 = Release|iPhoneSimulator
		{85B7B435-6EE5-4F3B-A37F-10AC107B74F3}.AppStore|Any CPU.ActiveCfg = Release|iPhone
		{85B7B435-6EE5-4F3B-A37F-10AC107B74F3}.AppStore|Any CPU.Build.0 = Release|iPhone
		{85B7B435-6EE5-4F3B-A37F-10AC107B74F3}.AppStore|iPhone.ActiveCfg = Release|iPhone
		{85B7B435-6EE5-4F3B-A37F-10AC107B74F3}.AppStore|iPhone.Build.0 = Release|iPhone
		{85B7B435-6EE5-4F3B-A37F-10AC107B74F3}.AppStore|iPhoneSimulator.ActiveCfg = Release|iPhoneSimulator
		{85B7B435-6EE5-4F3B-A37F-10AC107B74F3}.AppStore|iPhoneSimulator.Build.0 = Release|iPhoneSimulator
		{85B7B435-6EE5-4F3B-A37F-10AC107B74F3}.Debug|Any CPU.ActiveCfg = Debug|iPhone
		{85B7B435-6EE5-4F3B-A37F-10AC107B74F3}.Debug|iPhone.ActiveCfg = Debug|iPhone
		{85B7B435-6EE5-4F3B-A37F-10AC107B74F3}.Debug|iPhone.Build.0 = Debug|iPhone
		{85B7B435-6EE5-4F3B-A37F-10AC107B74F3}.Debug|iPhoneSimulator.ActiveCfg = Debug|iPhoneSimulator
		{85B7B435-6EE5-4F3B-A37F-10AC107B74F3}.Debug|iPhoneSimulator.Build.0 = Debug|iPhoneSimulator
		{85B7B435-6EE5-4F3B-A37F-10AC107B74F3}.Release|Any CPU.ActiveCfg = Release|iPhone
		{85B7B435-6EE5-4F3B-A37F-10AC107B74F3}.Release|iPhone.ActiveCfg = Release|iPhone
		{85B7B435-6EE5-4F3B-A37F-10AC107B74F3}.Release|iPhone.Build.0 = Release|iPhone
		{85B7B435-6EE5-4F3B-A37F-10AC107B74F3}.Release|iPhoneSimulator.ActiveCfg = Release|iPhoneSimulator
		{85B7B435-6EE5-4F3B-A37F-10AC107B74F3}.Release|iPhoneSimulator.Build.0 = Release|iPhoneSimulator
		{B7F2F782-7974-492A-825B-D33F4EFB8BB7}.Ad-Hoc|Any CPU.ActiveCfg = Debug|Any CPU
		{B7F2F782-7974-492A-825B-D33F4EFB8BB7}.Ad-Hoc|Any CPU.Build.0 = Debug|Any CPU
		{B7F2F782-7974-492A-825B-D33F4EFB8BB7}.Ad-Hoc|iPhone.ActiveCfg = Debug|Any CPU
		{B7F2F782-7974-492A-825B-D33F4EFB8BB7}.Ad-Hoc|iPhone.Build.0 = Debug|Any CPU
		{B7F2F782-7974-492A-825B-D33F4EFB8BB7}.Ad-Hoc|iPhoneSimulator.ActiveCfg = Debug|Any CPU
		{B7F2F782-7974-492A-825B-D33F4EFB8BB7}.Ad-Hoc|iPhoneSimulator.Build.0 = Debug|Any CPU
		{B7F2F782-7974-492A-825B-D33F4EFB8BB7}.AppStore|Any CPU.ActiveCfg = Debug|Any CPU
		{B7F2F782-7974-492A-825B-D33F4EFB8BB7}.AppStore|Any CPU.Build.0 = Debug|Any CPU
		{B7F2F782-7974-492A-825B-D33F4EFB8BB7}.AppStore|iPhone.ActiveCfg = Debug|Any CPU
		{B7F2F782-7974-492A-825B-D33F4EFB8BB7}.AppStore|iPhone.Build.0 = Debug|Any CPU
		{B7F2F782-7974-492A-825B-D33F4EFB8BB7}.AppStore|iPhoneSimulator.ActiveCfg = Debug|Any CPU
		{B7F2F782-7974-492A-825B-D33F4EFB8BB7}.AppStore|iPhoneSimulator.Build.0 = Debug|Any CPU
		{B7F2F782-7974-492A-825B-D33F4EFB8BB7}.Debug|Any CPU.ActiveCfg = Debug|Any CPU
		{B7F2F782-7974-492A-825B-D33F4EFB8BB7}.Debug|Any CPU.Build.0 = Debug|Any CPU
		{B7F2F782-7974-492A-825B-D33F4EFB8BB7}.Debug|iPhone.ActiveCfg = Debug|Any CPU
		{B7F2F782-7974-492A-825B-D33F4EFB8BB7}.Debug|iPhone.Build.0 = Debug|Any CPU
		{B7F2F782-7974-492A-825B-D33F4EFB8BB7}.Debug|iPhoneSimulator.ActiveCfg = Debug|Any CPU
		{B7F2F782-7974-492A-825B-D33F4EFB8BB7}.Debug|iPhoneSimulator.Build.0 = Debug|Any CPU
		{B7F2F782-7974-492A-825B-D33F4EFB8BB7}.Release|Any CPU.ActiveCfg = Release|Any CPU
		{B7F2F782-7974-492A-825B-D33F4EFB8BB7}.Release|Any CPU.Build.0 = Release|Any CPU
		{B7F2F782-7974-492A-825B-D33F4EFB8BB7}.Release|iPhone.ActiveCfg = Release|Any CPU
		{B7F2F782-7974-492A-825B-D33F4EFB8BB7}.Release|iPhone.Build.0 = Release|Any CPU
		{B7F2F782-7974-492A-825B-D33F4EFB8BB7}.Release|iPhoneSimulator.ActiveCfg = Release|Any CPU
		{B7F2F782-7974-492A-825B-D33F4EFB8BB7}.Release|iPhoneSimulator.Build.0 = Release|Any CPU
	EndGlobalSection
	GlobalSection(SolutionProperties) = preSolution
		HideSolutionNode = FALSE
	EndGlobalSection
	GlobalSection(ExtensibilityGlobals) = postSolution
		SolutionGuid = {AD7E81C1-FD58-43CC-BA42-7AD1ABCCE5E3}
	EndGlobalSection
EndGlobal
